
Microsoft Visual Studio Solution File, Format Version 12.00
# Visual Studio Version 17
VisualStudioVersion = 17.13.35931.197 d17.13
MinimumVisualStudioVersion = 10.0.40219.1
Project("{FAE04EC0-301F-11D3-BF4B-00C04F79EFBC}") = "hpl-editor-application", "hpl-editor-application\hpl-editor-application.csproj", "{B51F0ED6-AF03-4545-80EE-ECE0C3979AE2}"
EndProject
Global
	GlobalSection(SolutionConfigurationPlatforms) = preSolution
		Debug|Any CPU = Debug|Any CPU
		Release|Any CPU = Release|Any CPU
	EndGlobalSection
	GlobalSection(ProjectConfigurationPlatforms) = postSolution
		{B51F0ED6-AF03-4545-80EE-ECE0C3979AE2}.Debug|Any CPU.ActiveCfg = Debug|Any CPU
		{B51F0ED6-AF03-4545-80EE-ECE0C3979AE2}.Debug|Any CPU.Build.0 = Debug|Any CPU
		{B51F0ED6-AF03-4545-80EE-ECE0C3979AE2}.Release|Any CPU.ActiveCfg = Release|Any CPU
		{B51F0ED6-AF03-4545-80EE-ECE0C3979AE2}.Release|Any CPU.Build.0 = Release|Any CPU
	EndGlobalSection
	GlobalSection(SolutionProperties) = preSolution
		HideSolutionNode = FALSE
	EndGlobalSection
	GlobalSection(ExtensibilityGlobals) = postSolution
		SolutionGuid = {13D8A076-CD6E-42DA-9F54-B2C8337E2F71}
	EndGlobalSection
EndGlobal
